
Microsoft Visual Studio Solution File, Format Version 12.00
# Visual Studio 15
VisualStudioVersion = 15.0.28307.168
MinimumVisualStudioVersion = 10.0.40219.1
Project("{9A19103F-16F7-4668-BE54-9A1E7A4F7556}") = "PollyStudio", "PollyStudio\PollyStudio.csproj", "{38775B66-4A4A-46E5-B155-3EEBF494BE06}"
EndProject
Project("{9A19103F-16F7-4668-BE54-9A1E7A4F7556}") = "Polly.Test", "Polly.Test\Polly.Test.csproj", "{59BB3C1C-BB95-4207-919C-811D7CAF97AC}"
EndProject
Project("{FAE04EC0-301F-11D3-BF4B-00C04F79EFBC}") = "Polly.PolicyManager", "Polly.PolicyManager\Polly.PolicyManager.csproj", "{B6D26DCB-C1F9-4CC8-B523-0F2D918BA1CC}"
EndProject
Global
	GlobalSection(SolutionConfigurationPlatforms) = preSolution
		Debug|Any CPU = Debug|Any CPU
		Release|Any CPU = Release|Any CPU
	EndGlobalSection
	GlobalSection(ProjectConfigurationPlatforms) = postSolution
		{38775B66-4A4A-46E5-B155-3EEBF494BE06}.Debug|Any CPU.ActiveCfg = Debug|Any CPU
		{38775B66-4A4A-46E5-B155-3EEBF494BE06}.Debug|Any CPU.Build.0 = Debug|Any CPU
		{38775B66-4A4A-46E5-B155-3EEBF494BE06}.Release|Any CPU.ActiveCfg = Release|Any CPU
		{38775B66-4A4A-46E5-B155-3EEBF494BE06}.Release|Any CPU.Build.0 = Release|Any CPU
		{59BB3C1C-BB95-4207-919C-811D7CAF97AC}.Debug|Any CPU.ActiveCfg = Debug|Any CPU
		{59BB3C1C-BB95-4207-919C-811D7CAF97AC}.Debug|Any CPU.Build.0 = Debug|Any CPU
		{59BB3C1C-BB95-4207-919C-811D7CAF97AC}.Release|Any CPU.ActiveCfg = Release|Any CPU
		{59BB3C1C-BB95-4207-919C-811D7CAF97AC}.Release|Any CPU.Build.0 = Release|Any CPU
		{B6D26DCB-C1F9-4CC8-B523-0F2D918BA1CC}.Debug|Any CPU.ActiveCfg = Debug|Any CPU
		{B6D26DCB-C1F9-4CC8-B523-0F2D918BA1CC}.Debug|Any CPU.Build.0 = Debug|Any CPU
		{B6D26DCB-C1F9-4CC8-B523-0F2D918BA1CC}.Release|Any CPU.ActiveCfg = Release|Any CPU
		{B6D26DCB-C1F9-4CC8-B523-0F2D918BA1CC}.Release|Any CPU.Build.0 = Release|Any CPU
	EndGlobalSection
	GlobalSection(SolutionProperties) = preSolution
		HideSolutionNode = FALSE
	EndGlobalSection
	GlobalSection(ExtensibilityGlobals) = postSolution
		SolutionGuid = {7989B668-81DB-4FC7-B3B5-90D3F38EE8C1}
	EndGlobalSection
EndGlobal
